# Source repository lock for this research repo.
#
# `repos/source/*` is managed by git submodules. This file is the human-readable
# lock that scheme README files can cite; `.gitmodules` plus gitlink entries are
# the enforceable checkout state.
#
# Release binaries are not accepted as source-build evidence.

clickhouse:
  path: repos/source/ClickHouse-v26.3.10.62-lts
  url: https://github.com/ClickHouse/ClickHouse.git
  ref: v26.3.10.62-lts
  ref_type: tag
  commit: e1c11930c28196f954a93287e43c1aa112c8c607
  checkout: git-submodule
  nested_submodules: recursive

oceanbase:
  path: repos/source/oceanbase-v4.5.0_CE
  url: https://github.com/oceanbase/oceanbase.git
  ref: v4.5.0_CE
  ref_type: tag
  commit: 0e8d5ad012baf0953b2032a35a88bdf8886e9a7a
  checkout: git-submodule
  nested_submodules: none-observed-for-build

obstack:
  path: repos/source/obstack-master
  url: https://github.com/oceanbase/obstack.git
  ref: master
  ref_type: branch
  commit: d91edd6d882a33b69164f8d3e809092408da3a33
  checkout: git-submodule
  nested_submodules: none
